#MicroXplorer Configuration settings - do not modify
CAN2.CalculateTimeBit=3000
CAN2.CalculateTimeQuantum=1000.0
CAN2.IPParameters=CalculateTimeQuantum,CalculateTimeBit
File.Version=5
KeepUserPlacement=false
Mcu.Family=STM32F4
Mcu.IP0=CAN2
Mcu.IP1=NVIC
Mcu.IP2=RCC
Mcu.IP3=TIM3
Mcu.IPNb=4
Mcu.Name=STM32F405RGTx
Mcu.Package=LQFP64
Mcu.Pin0=PC0
Mcu.Pin1=PC1
Mcu.Pin10=PA11
Mcu.Pin11=PA12
Mcu.Pin12=PB6
Mcu.Pin2=PC2
Mcu.Pin3=PA6
Mcu.Pin4=PB12
Mcu.Pin5=PB13
Mcu.Pin6=PC6
Mcu.Pin7=PC7
Mcu.Pin8=PC8
Mcu.Pin9=PC9
Mcu.PinsNb=13
Mcu.UserConstants=
Mcu.UserName=STM32F405RGTx
MxCube.Version=4.11.0
MxDb.Version=DB.4.0.110
NVIC.CAN2_RX0_IRQn=true\:0\:0\:false
NVIC.CAN2_RX1_IRQn=true\:0\:0\:false
NVIC.PriorityGroup=NVIC_PRIORITYGROUP_4
NVIC.SysTick_IRQn=true\:0\:0\:false
NVIC.TIM3_IRQn=true\:0\:0\:false
PA11.GPIOParameters=GPIO_Label
PA11.GPIO_Label=USBD-
PA11.Locked=true
PA11.Signal=USB_OTG_FS_DM
PA12.GPIOParameters=GPIO_Label
PA12.GPIO_Label=USBD+
PA12.Locked=true
PA12.Signal=USB_OTG_FS_DP
PA6.GPIOParameters=GPIO_Label
PA6.GPIO_Label=Camera Led
PA6.Signal=S_TIM3_CH1
PB12.Mode=Slave
PB12.Signal=CAN2_RX
PB13.Mode=Slave
PB13.Signal=CAN2_TX
PB6.Locked=true
PB6.Signal=GPIO_Output
PC0.GPIOParameters=GPIO_Label
PC0.GPIO_Label=shift register data
PC0.Locked=true
PC0.Signal=GPIO_Output
PC1.GPIOParameters=GPIO_Label
PC1.GPIO_Label=Shift Register Clock
PC1.Locked=true
PC1.Signal=GPIO_Output
PC2.GPIOParameters=GPIO_Label
PC2.GPIO_Label=Shift Register Enable
PC2.Locked=true
PC2.Signal=GPIO_Output
PC6.GPIOParameters=GPIO_Label
PC6.GPIO_Label=Debugging LED 4
PC6.Locked=true
PC6.Signal=GPIO_Output
PC7.GPIOParameters=GPIO_Label
PC7.GPIO_Label=Debugging LED 3
PC7.Locked=true
PC7.Signal=GPIO_Output
PC8.GPIOParameters=GPIO_Label
PC8.GPIO_Label=Debugging LED 2
PC8.Locked=true
PC8.Signal=GPIO_Output
PC9.GPIOParameters=GPIO_Label
PC9.GPIO_Label=Debugging LED1
PC9.Locked=true
PC9.Signal=GPIO_Output
PCC.Checker=false
PCC.Line=STM32F405/415
PCC.MCU=STM32F405RGTx
PCC.MXVersion=4.11.0
PCC.PartNumber=STM32F405RGTx
PCC.Seq0=0
PCC.Series=STM32F4
PCC.Temperature=25
PCC.Vdd=3.3
RCC.AHBFreq_Value=16000000
RCC.APB1Freq_Value=16000000
RCC.APB2Freq_Value=16000000
RCC.CortexFreq_Value=16000000
RCC.FamilyName=M
RCC.HSE_VALUE=25000000
RCC.HSI_VALUE=16000000
RCC.I2SClocksFreq_Value=96000000
RCC.IPParameters=FamilyName,HSI_VALUE,SYSCLKFreq_VALUE,AHBFreq_Value,CortexFreq_Value,APB1Freq_Value,APB2Freq_Value,LSE_VALUE,LSI_VALUE,RTCFreq_Value,VCOInputFreq_Value,VCOOutputFreq_Value,PLLCLKFreq_Value,PLLQCLKFreq_Value,VCOI2SOutputFreq_Value,VcooutputI2S,HSE_VALUE,RTCHSEDivFreq_Value,I2SClocksFreq_Value
RCC.LSE_VALUE=32768
RCC.LSI_VALUE=32000
RCC.PLLCLKFreq_Value=96000000
RCC.PLLQCLKFreq_Value=48000000
RCC.RTCFreq_Value=32000
RCC.RTCHSEDivFreq_Value=12500000
RCC.SYSCLKFreq_VALUE=16000000
RCC.VCOI2SOutputFreq_Value=192000000
RCC.VCOInputFreq_Value=1000000
RCC.VCOOutputFreq_Value=192000000
RCC.VcooutputI2S=96000000
SH.S_TIM3_CH1.0=TIM3_CH1,PWM Generation1 CH1
SH.S_TIM3_CH1.ConfNb=1
